
Microsoft Visual Studio Solution File, Format Version 12.00
# Visual Studio Version 17
VisualStudioVersion = 17.7.34031.279
MinimumVisualStudioVersion = 10.0.40219.1
Project("{FAE04EC0-301F-11D3-BF4B-00C04F79EFBC}") = "vosplzen.sem1.2023k", "vosplzen.sem1.2023k\vosplzen.sem1.2023k.csproj", "{23CCD8C7-AB76-4714-86B9-B4E63BFFAE27}"
EndProject
Global
	GlobalSection(SolutionConfigurationPlatforms) = preSolution
		Debug|Any CPU = Debug|Any CPU
		Release|Any CPU = Release|Any CPU
	EndGlobalSection
	GlobalSection(ProjectConfigurationPlatforms) = postSolution
		{23CCD8C7-AB76-4714-86B9-B4E63BFFAE27}.Debug|Any CPU.ActiveCfg = Debug|Any CPU
		{23CCD8C7-AB76-4714-86B9-B4E63BFFAE27}.Debug|Any CPU.Build.0 = Debug|Any CPU
		{23CCD8C7-AB76-4714-86B9-B4E63BFFAE27}.Release|Any CPU.ActiveCfg = Release|Any CPU
		{23CCD8C7-AB76-4714-86B9-B4E63BFFAE27}.Release|Any CPU.Build.0 = Release|Any CPU
	EndGlobalSection
	GlobalSection(SolutionProperties) = preSolution
		HideSolutionNode = FALSE
	EndGlobalSection
	GlobalSection(ExtensibilityGlobals) = postSolution
		SolutionGuid = {639AB658-3D99-4BDF-A0F2-F1A651B29A80}
	EndGlobalSection
EndGlobal
